version = 1
revision = 2
requires-python = ">=3.11"

[[package]]
name = "babel"
version = "2.17.0"
source = { registry = "https://pypi.org/simple" }
sdist = { url = "https://files.pythonhosted.org/packages/7d/6b/d52e42361e1aa00709585ecc30b3f9684b3ab62530771402248b1b1d6240/babel-2.17.0.tar.gz", hash = "sha256:0c54cffb19f690cdcc52a3b50bcbf71e07a808d1c80d549f2459b9d2cf0afb9d", size = 9951852, upload-time = "2025-02-01T15:17:41.026Z" }
wheels = [
    { url = "https://files.pythonhosted.org/packages/b7/b8/3fe70c75fe32afc4bb507f75563d39bc5642255d1d94f1f23604725780bf/babel-2.17.0-py3-none-any.whl", hash = "sha256:4d0b53093fdfb4b21c92b5213dba5a1b23885afa8383709427046b21c366e5f2", size = 10182537, upload-time = "2025-02-01T15:17:37.39Z" },
]

[[package]]
name = "black"
version = "25.1.0"
source = { registry = "https://pypi.org/simple" }
dependencies = [
    { name = "click" },
    { name = "mypy-extensions" },
    { name = "packaging" },
    { name = "pathspec" },
    { name = "platformdirs" },
]
sdist = { url = "https://files.pythonhosted.org/packages/94/49/26a7b0f3f35da4b5a65f081943b7bcd22d7002f5f0fb8098ec1ff21cb6ef/black-25.1.0.tar.gz", hash = "sha256:33496d5cd1222ad73391352b4ae8da15253c5de89b93a80b3e2c8d9a19ec2666", size = 649449, upload-time = "2025-01-29T04:15:40.373Z" }
wheels = [
    { url = "https://files.pythonhosted.org/packages/7e/4f/87f596aca05c3ce5b94b8663dbfe242a12843caaa82dd3f85f1ffdc3f177/black-25.1.0-cp311-cp311-macosx_10_9_x86_64.whl", hash = "sha256:a39337598244de4bae26475f77dda852ea00a93bd4c728e09eacd827ec929df0", size = 1614372, upload-time = "2025-01-29T05:37:11.71Z" },
    { url = "https://files.pythonhosted.org/packages/e7/d0/2c34c36190b741c59c901e56ab7f6e54dad8df05a6272a9747ecef7c6036/black-25.1.0-cp311-cp311-macosx_11_0_arm64.whl", hash = "sha256:96c1c7cd856bba8e20094e36e0f948718dc688dba4a9d78c3adde52b9e6c2299", size = 1442865, upload-time = "2025-01-29T05:37:14.309Z" },
    { url = "https://files.pythonhosted.org/packages/21/d4/7518c72262468430ead45cf22bd86c883a6448b9eb43672765d69a8f1248/black-25.1.0-cp311-cp311-manylinux_2_17_x86_64.manylinux2014_x86_64.manylinux_2_28_x86_64.whl", hash = "sha256:bce2e264d59c91e52d8000d507eb20a9aca4a778731a08cfff7e5ac4a4bb7096", size = 1749699, upload-time = "2025-01-29T04:18:17.688Z" },
    { url = "https://files.pythonhosted.org/packages/58/db/4f5beb989b547f79096e035c4981ceb36ac2b552d0ac5f2620e941501c99/black-25.1.0-cp311-cp311-win_amd64.whl", hash = "sha256:172b1dbff09f86ce6f4eb8edf9dede08b1fce58ba194c87d7a4f1a5aa2f5b3c2", size = 1428028, upload-time = "2025-01-29T04:18:51.711Z" },
    { url = "https://files.pythonhosted.org/packages/83/71/3fe4741df7adf015ad8dfa082dd36c94ca86bb21f25608eb247b4afb15b2/black-25.1.0-cp312-cp312-macosx_10_13_x86_64.whl", hash = "sha256:4b60580e829091e6f9238c848ea6750efed72140b91b048770b64e74fe04908b", size = 1650988, upload-time = "2025-01-29T05:37:16.707Z" },
    { url = "https://files.pythonhosted.org/packages/13/f3/89aac8a83d73937ccd39bbe8fc6ac8860c11cfa0af5b1c96d081facac844/black-25.1.0-cp312-cp312-macosx_11_0_arm64.whl", hash = "sha256:1e2978f6df243b155ef5fa7e558a43037c3079093ed5d10fd84c43900f2d8ecc", size = 1453985, upload-time = "2025-01-29T05:37:18.273Z" },
    { url = "https://files.pythonhosted.org/packages/6f/22/b99efca33f1f3a1d2552c714b1e1b5ae92efac6c43e790ad539a163d1754/black-25.1.0-cp312-cp312-manylinux_2_17_x86_64.manylinux2014_x86_64.manylinux_2_28_x86_64.whl", hash = "sha256:3b48735872ec535027d979e8dcb20bf4f70b5ac75a8ea99f127c106a7d7aba9f", size = 1783816, upload-time = "2025-01-29T04:18:33.823Z" },
    { url = "https://files.pythonhosted.org/packages/18/7e/a27c3ad3822b6f2e0e00d63d58ff6299a99a5b3aee69fa77cd4b0076b261/black-25.1.0-cp312-cp312-win_amd64.whl", hash = "sha256:ea0213189960bda9cf99be5b8c8ce66bb054af5e9e861249cd23471bd7b0b3ba", size = 1440860, upload-time = "2025-01-29T04:19:12.944Z" },
    { url = "https://files.pythonhosted.org/packages/98/87/0edf98916640efa5d0696e1abb0a8357b52e69e82322628f25bf14d263d1/black-25.1.0-cp313-cp313-macosx_10_13_x86_64.whl", hash = "sha256:8f0b18a02996a836cc9c9c78e5babec10930862827b1b724ddfe98ccf2f2fe4f", size = 1650673, upload-time = "2025-01-29T05:37:20.574Z" },
    { url = "https://files.pythonhosted.org/packages/52/e5/f7bf17207cf87fa6e9b676576749c6b6ed0d70f179a3d812c997870291c3/black-25.1.0-cp313-cp313-macosx_11_0_arm64.whl", hash = "sha256:afebb7098bfbc70037a053b91ae8437c3857482d3a690fefc03e9ff7aa9a5fd3", size = 1453190, upload-time = "2025-01-29T05:37:22.106Z" },
    { url = "https://files.pythonhosted.org/packages/e3/ee/adda3d46d4a9120772fae6de454c8495603c37c4c3b9c60f25b1ab6401fe/black-25.1.0-cp313-cp313-manylinux_2_17_x86_64.manylinux2014_x86_64.manylinux_2_28_x86_64.whl", hash = "sha256:030b9759066a4ee5e5aca28c3c77f9c64789cdd4de8ac1df642c40b708be6171", size = 1782926, upload-time = "2025-01-29T04:18:58.564Z" },
    { url = "https://files.pythonhosted.org/packages/cc/64/94eb5f45dcb997d2082f097a3944cfc7fe87e071907f677e80788a2d7b7a/black-25.1.0-cp313-cp313-win_amd64.whl", hash = "sha256:a22f402b410566e2d1c950708c77ebf5ebd5d0d88a6a2e87c86d9fb48afa0d18", size = 1442613, upload-time = "2025-01-29T04:19:27.63Z" },
    { url = "https://files.pythonhosted.org/packages/09/71/54e999902aed72baf26bca0d50781b01838251a462612966e9fc4891eadd/black-25.1.0-py3-none-any.whl", hash = "sha256:95e8176dae143ba9097f351d174fdaf0ccd29efb414b362ae3fd72bf0f710717", size = 207646, upload-time = "2025-01-29T04:15:38.082Z" },
]

[[package]]
name = "click"
version = "8.2.1"
source = { registry = "https://pypi.org/simple" }
dependencies = [
    { name = "colorama", marker = "sys_platform == 'win32'" },
]
sdist = { url = "https://files.pythonhosted.org/packages/60/6c/8ca2efa64cf75a977a0d7fac081354553ebe483345c734fb6b6515d96bbc/click-8.2.1.tar.gz", hash = "sha256:27c491cc05d968d271d5a1db13e3b5a184636d9d930f148c50b038f0d0646202", size = 286342, upload-time = "2025-05-20T23:19:49.832Z" }
wheels = [
    { url = "https://files.pythonhosted.org/packages/85/32/10bb5764d90a8eee674e9dc6f4db6a0ab47c8c4d0d83c27f7c39ac415a4d/click-8.2.1-py3-none-any.whl", hash = "sha256:61a3265b914e850b85317d0b3109c7f8cd35a670f963866005d6ef1d5175a12b", size = 102215, upload-time = "2025-05-20T23:19:47.796Z" },
]

[[package]]
name = "colorama"
version = "0.4.6"
source = { registry = "https://pypi.org/simple" }
sdist = { url = "https://files.pythonhosted.org/packages/d8/53/6f443c9a4a8358a93a6792e2acffb9d9d5cb0a5cfd8802644b7b1c9a02e4/colorama-0.4.6.tar.gz", hash = "sha256:08695f5cb7ed6e0531a20572697297273c47b8cae5a63ffc6d6ed5c201be6e44", size = 27697, upload-time = "2022-10-25T02:36:22.414Z" }
wheels = [
    { url = "https://files.pythonhosted.org/packages/d1/d6/3965ed04c63042e047cb6a3e6ed1a63a35087b6a609aa3a15ed8ac56c221/colorama-0.4.6-py2.py3-none-any.whl", hash = "sha256:4f1d9991f5acc0ca119f9d443620b77f9d6b33703e51011c16baf57afb285fc6", size = 25335, upload-time = "2022-10-25T02:36:20.889Z" },
]

[[package]]
name = "fast-flights"
version = "2.2"
source = { registry = "https://pypi.org/simple" }
dependencies = [
    { name = "primp" },
    { name = "protobuf" },
    { name = "selectolax" },
]
sdist = { url = "https://files.pythonhosted.org/packages/2c/11/207d9a9300466e6f2f95cc7fcb150ffa35416aa8de15850aa35cf39c5e30/fast_flights-2.2.tar.gz", hash = "sha256:d496630793357e16a03f1bba94f52d81504cd8772350918d91ac8b2589b20c7d", size = 52692, upload-time = "2025-03-08T23:41:40.687Z" }
wheels = [
    { url = "https://files.pythonhosted.org/packages/0c/ba/06b2d76e22cd0f1d467830bd05e191ef80db07c5016d7cc6b1adb4097145/fast_flights-2.2-py3-none-any.whl", hash = "sha256:ad8393f29c57797b4d7f03df1c8c66771302ece3ab268a13be0b3ae7a93291ad", size = 52610, upload-time = "2025-03-08T23:41:39.353Z" },
]

[package.optional-dependencies]
local = [
    { name = "playwright" },
]

[[package]]
name = "flight-calculator"
version = "0.1.0"
source = { virtual = "." }
dependencies = [
    { name = "babel" },
    { name = "fast-flights", extra = ["local"] },
    { name = "pathlib" },
]

[package.dev-dependencies]
dev = [
    { name = "black" },
    { name = "isort" },
    { name = "pytest" },
]

[package.metadata]
requires-dist = [
    { name = "babel", specifier = ">=2.17.0" },
    { name = "fast-flights", extras = ["local"], specifier = ">=2.2" },
    { name = "pathlib", specifier = ">=1.0.1" },
]

[package.metadata.requires-dev]
dev = [
    { name = "black", specifier = ">=25.1.0" },
    { name = "isort", specifier = ">=6.0.1" },
    { name = "pytest", specifier = ">=8.4.0" },
]

[[package]]
name = "greenlet"
version = "3.2.3"
source = { registry = "https://pypi.org/simple" }
sdist = { url = "https://files.pythonhosted.org/packages/c9/92/bb85bd6e80148a4d2e0c59f7c0c2891029f8fd510183afc7d8d2feeed9b6/greenlet-3.2.3.tar.gz", hash = "sha256:8b0dd8ae4c0d6f5e54ee55ba935eeb3d735a9b58a8a1e5b5cbab64e01a39f365", size = 185752, upload-time = "2025-06-05T16:16:09.955Z" }
wheels = [
    { url = "https://files.pythonhosted.org/packages/fc/2e/d4fcb2978f826358b673f779f78fa8a32ee37df11920dc2bb5589cbeecef/greenlet-3.2.3-cp311-cp311-macosx_11_0_universal2.whl", hash = "sha256:784ae58bba89fa1fa5733d170d42486580cab9decda3484779f4759345b29822", size = 270219, upload-time = "2025-06-05T16:10:10.414Z" },
    { url = "https://files.pythonhosted.org/packages/16/24/929f853e0202130e4fe163bc1d05a671ce8dcd604f790e14896adac43a52/greenlet-3.2.3-cp311-cp311-manylinux2014_aarch64.manylinux_2_17_aarch64.whl", hash = "sha256:0921ac4ea42a5315d3446120ad48f90c3a6b9bb93dd9b3cf4e4d84a66e42de83", size = 630383, upload-time = "2025-06-05T16:38:51.785Z" },
    { url = "https://files.pythonhosted.org/packages/d1/b2/0320715eb61ae70c25ceca2f1d5ae620477d246692d9cc284c13242ec31c/greenlet-3.2.3-cp311-cp311-manylinux2014_ppc64le.manylinux_2_17_ppc64le.whl", hash = "sha256:d2971d93bb99e05f8c2c0c2f4aa9484a18d98c4c3bd3c62b65b7e6ae33dfcfaf", size = 642422, upload-time = "2025-06-05T16:41:35.259Z" },
    { url = "https://files.pythonhosted.org/packages/bd/49/445fd1a210f4747fedf77615d941444349c6a3a4a1135bba9701337cd966/greenlet-3.2.3-cp311-cp311-manylinux2014_s390x.manylinux_2_17_s390x.whl", hash = "sha256:c667c0bf9d406b77a15c924ef3285e1e05250948001220368e039b6aa5b5034b", size = 638375, upload-time = "2025-06-05T16:48:18.235Z" },
    { url = "https://files.pythonhosted.org/packages/7e/c8/ca19760cf6eae75fa8dc32b487e963d863b3ee04a7637da77b616703bc37/greenlet-3.2.3-cp311-cp311-manylinux2014_x86_64.manylinux_2_17_x86_64.whl", hash = "sha256:592c12fb1165be74592f5de0d70f82bc5ba552ac44800d632214b76089945147", size = 637627, upload-time = "2025-06-05T16:13:02.858Z" },
    { url = "https://files.pythonhosted.org/packages/65/89/77acf9e3da38e9bcfca881e43b02ed467c1dedc387021fc4d9bd9928afb8/greenlet-3.2.3-cp311-cp311-manylinux_2_24_x86_64.manylinux_2_28_x86_64.whl", hash = "sha256:29e184536ba333003540790ba29829ac14bb645514fbd7e32af331e8202a62a5", size = 585502, upload-time = "2025-06-05T16:12:49.642Z" },
    { url = "https://files.pythonhosted.org/packages/97/c6/ae244d7c95b23b7130136e07a9cc5aadd60d59b5951180dc7dc7e8edaba7/greenlet-3.2.3-cp311-cp311-musllinux_1_1_aarch64.whl", hash = "sha256:93c0bb79844a367782ec4f429d07589417052e621aa39a5ac1fb99c5aa308edc", size = 1114498, upload-time = "2025-06-05T16:36:46.598Z" },
    { url = "https://files.pythonhosted.org/packages/89/5f/b16dec0cbfd3070658e0d744487919740c6d45eb90946f6787689a7efbce/greenlet-3.2.3-cp311-cp311-musllinux_1_1_x86_64.whl", hash = "sha256:751261fc5ad7b6705f5f76726567375bb2104a059454e0226e1eef6c756748ba", size = 1139977, upload-time = "2025-06-05T16:12:38.262Z" },
    { url = "https://files.pythonhosted.org/packages/66/77/d48fb441b5a71125bcac042fc5b1494c806ccb9a1432ecaa421e72157f77/greenlet-3.2.3-cp311-cp311-win_amd64.whl", hash = "sha256:83a8761c75312361aa2b5b903b79da97f13f556164a7dd2d5448655425bd4c34", size = 297017, upload-time = "2025-06-05T16:25:05.225Z" },
    { url = "https://files.pythonhosted.org/packages/f3/94/ad0d435f7c48debe960c53b8f60fb41c2026b1d0fa4a99a1cb17c3461e09/greenlet-3.2.3-cp312-cp312-macosx_11_0_universal2.whl", hash = "sha256:25ad29caed5783d4bd7a85c9251c651696164622494c00802a139c00d639242d", size = 271992, upload-time = "2025-06-05T16:11:23.467Z" },
    { url = "https://files.pythonhosted.org/packages/93/5d/7c27cf4d003d6e77749d299c7c8f5fd50b4f251647b5c2e97e1f20da0ab5/greenlet-3.2.3-cp312-cp312-manylinux2014_aarch64.manylinux_2_17_aarch64.whl", hash = "sha256:88cd97bf37fe24a6710ec6a3a7799f3f81d9cd33317dcf565ff9950c83f55e0b", size = 638820, upload-time = "2025-06-05T16:38:52.882Z" },
    { url = "https://files.pythonhosted.org/packages/c6/7e/807e1e9be07a125bb4c169144937910bf59b9d2f6d931578e57f0bce0ae2/greenlet-3.2.3-cp312-cp312-manylinux2014_ppc64le.manylinux_2_17_ppc64le.whl", hash = "sha256:baeedccca94880d2f5666b4fa16fc20ef50ba1ee353ee2d7092b383a243b0b0d", size = 653046, upload-time = "2025-06-05T16:41:36.343Z" },
    { url = "https://files.pythonhosted.org/packages/9d/ab/158c1a4ea1068bdbc78dba5a3de57e4c7aeb4e7fa034320ea94c688bfb61/greenlet-3.2.3-cp312-cp312-manylinux2014_s390x.manylinux_2_17_s390x.whl", hash = "sha256:be52af4b6292baecfa0f397f3edb3c6092ce071b499dd6fe292c9ac9f2c8f264", size = 647701, upload-time = "2025-06-05T16:48:19.604Z" },
    { url = "https://files.pythonhosted.org/packages/cc/0d/93729068259b550d6a0288da4ff72b86ed05626eaf1eb7c0d3466a2571de/greenlet-3.2.3-cp312-cp312-manylinux2014_x86_64.manylinux_2_17_x86_64.whl", hash = "sha256:0cc73378150b8b78b0c9fe2ce56e166695e67478550769536a6742dca3651688", size = 649747, upload-time = "2025-06-05T16:13:04.628Z" },
    { url = "https://files.pythonhosted.org/packages/f6/f6/c82ac1851c60851302d8581680573245c8fc300253fc1ff741ae74a6c24d/greenlet-3.2.3-cp312-cp312-manylinux_2_24_x86_64.manylinux_2_28_x86_64.whl", hash = "sha256:706d016a03e78df129f68c4c9b4c4f963f7d73534e48a24f5f5a7101ed13dbbb", size = 605461, upload-time = "2025-06-05T16:12:50.792Z" },
    { url = "https://files.pythonhosted.org/packages/98/82/d022cf25ca39cf1200650fc58c52af32c90f80479c25d1cbf57980ec3065/greenlet-3.2.3-cp312-cp312-musllinux_1_1_aarch64.whl", hash = "sha256:419e60f80709510c343c57b4bb5a339d8767bf9aef9b8ce43f4f143240f88b7c", size = 1121190, upload-time = "2025-06-05T16:36:48.59Z" },
    { url = "https://files.pythonhosted.org/packages/f5/e1/25297f70717abe8104c20ecf7af0a5b82d2f5a980eb1ac79f65654799f9f/greenlet-3.2.3-cp312-cp312-musllinux_1_1_x86_64.whl", hash = "sha256:93d48533fade144203816783373f27a97e4193177ebaaf0fc396db19e5d61163", size = 1149055, upload-time = "2025-06-05T16:12:40.457Z" },
    { url = "https://files.pythonhosted.org/packages/1f/8f/8f9e56c5e82eb2c26e8cde787962e66494312dc8cb261c460e1f3a9c88bc/greenlet-3.2.3-cp312-cp312-win_amd64.whl", hash = "sha256:7454d37c740bb27bdeddfc3f358f26956a07d5220818ceb467a483197d84f849", size = 297817, upload-time = "2025-06-05T16:29:49.244Z" },
    { url = "https://files.pythonhosted.org/packages/b1/cf/f5c0b23309070ae93de75c90d29300751a5aacefc0a3ed1b1d8edb28f08b/greenlet-3.2.3-cp313-cp313-macosx_11_0_universal2.whl", hash = "sha256:500b8689aa9dd1ab26872a34084503aeddefcb438e2e7317b89b11eaea1901ad", size = 270732, upload-time = "2025-06-05T16:10:08.26Z" },
    { url = "https://files.pythonhosted.org/packages/48/ae/91a957ba60482d3fecf9be49bc3948f341d706b52ddb9d83a70d42abd498/greenlet-3.2.3-cp313-cp313-manylinux2014_aarch64.manylinux_2_17_aarch64.whl", hash = "sha256:a07d3472c2a93117af3b0136f246b2833fdc0b542d4a9799ae5f41c28323faef", size = 639033, upload-time = "2025-06-05T16:38:53.983Z" },
    { url = "https://files.pythonhosted.org/packages/6f/df/20ffa66dd5a7a7beffa6451bdb7400d66251374ab40b99981478c69a67a8/greenlet-3.2.3-cp313-cp313-manylinux2014_ppc64le.manylinux_2_17_ppc64le.whl", hash = "sha256:8704b3768d2f51150626962f4b9a9e4a17d2e37c8a8d9867bbd9fa4eb938d3b3", size = 652999, upload-time = "2025-06-05T16:41:37.89Z" },
    { url = "https://files.pythonhosted.org/packages/51/b4/ebb2c8cb41e521f1d72bf0465f2f9a2fd803f674a88db228887e6847077e/greenlet-3.2.3-cp313-cp313-manylinux2014_s390x.manylinux_2_17_s390x.whl", hash = "sha256:5035d77a27b7c62db6cf41cf786cfe2242644a7a337a0e155c80960598baab95", size = 647368, upload-time = "2025-06-05T16:48:21.467Z" },
    { url = "https://files.pythonhosted.org/packages/8e/6a/1e1b5aa10dced4ae876a322155705257748108b7fd2e4fae3f2a091fe81a/greenlet-3.2.3-cp313-cp313-manylinux2014_x86_64.manylinux_2_17_x86_64.whl", hash = "sha256:2d8aa5423cd4a396792f6d4580f88bdc6efcb9205891c9d40d20f6e670992efb", size = 650037, upload-time = "2025-06-05T16:13:06.402Z" },
    { url = "https://files.pythonhosted.org/packages/26/f2/ad51331a157c7015c675702e2d5230c243695c788f8f75feba1af32b3617/greenlet-3.2.3-cp313-cp313-manylinux_2_24_x86_64.manylinux_2_28_x86_64.whl", hash = "sha256:2c724620a101f8170065d7dded3f962a2aea7a7dae133a009cada42847e04a7b", size = 608402, upload-time = "2025-06-05T16:12:51.91Z" },
    { url = "https://files.pythonhosted.org/packages/26/bc/862bd2083e6b3aff23300900a956f4ea9a4059de337f5c8734346b9b34fc/greenlet-3.2.3-cp313-cp313-musllinux_1_1_aarch64.whl", hash = "sha256:873abe55f134c48e1f2a6f53f7d1419192a3d1a4e873bace00499a4e45ea6af0", size = 1119577, upload-time = "2025-06-05T16:36:49.787Z" },
    { url = "https://files.pythonhosted.org/packages/86/94/1fc0cc068cfde885170e01de40a619b00eaa8f2916bf3541744730ffb4c3/greenlet-3.2.3-cp313-cp313-musllinux_1_1_x86_64.whl", hash = "sha256:024571bbce5f2c1cfff08bf3fbaa43bbc7444f580ae13b0099e95d0e6e67ed36", size = 1147121, upload-time = "2025-06-05T16:12:42.527Z" },
    { url = "https://files.pythonhosted.org/packages/27/1a/199f9587e8cb08a0658f9c30f3799244307614148ffe8b1e3aa22f324dea/greenlet-3.2.3-cp313-cp313-win_amd64.whl", hash = "sha256:5195fb1e75e592dd04ce79881c8a22becdfa3e6f500e7feb059b1e6fdd54d3e3", size = 297603, upload-time = "2025-06-05T16:20:12.651Z" },
    { url = "https://files.pythonhosted.org/packages/d8/ca/accd7aa5280eb92b70ed9e8f7fd79dc50a2c21d8c73b9a0856f5b564e222/greenlet-3.2.3-cp314-cp314-macosx_11_0_universal2.whl", hash = "sha256:3d04332dddb10b4a211b68111dabaee2e1a073663d117dc10247b5b1642bac86", size = 271479, upload-time = "2025-06-05T16:10:47.525Z" },
    { url = "https://files.pythonhosted.org/packages/55/71/01ed9895d9eb49223280ecc98a557585edfa56b3d0e965b9fa9f7f06b6d9/greenlet-3.2.3-cp314-cp314-manylinux2014_aarch64.manylinux_2_17_aarch64.whl", hash = "sha256:8186162dffde068a465deab08fc72c767196895c39db26ab1c17c0b77a6d8b97", size = 683952, upload-time = "2025-06-05T16:38:55.125Z" },
    { url = "https://files.pythonhosted.org/packages/ea/61/638c4bdf460c3c678a0a1ef4c200f347dff80719597e53b5edb2fb27ab54/greenlet-3.2.3-cp314-cp314-manylinux2014_ppc64le.manylinux_2_17_ppc64le.whl", hash = "sha256:f4bfbaa6096b1b7a200024784217defedf46a07c2eee1a498e94a1b5f8ec5728", size = 696917, upload-time = "2025-06-05T16:41:38.959Z" },
    { url = "https://files.pythonhosted.org/packages/22/cc/0bd1a7eb759d1f3e3cc2d1bc0f0b487ad3cc9f34d74da4b80f226fde4ec3/greenlet-3.2.3-cp314-cp314-manylinux2014_s390x.manylinux_2_17_s390x.whl", hash = "sha256:ed6cfa9200484d234d8394c70f5492f144b20d4533f69262d530a1a082f6ee9a", size = 692443, upload-time = "2025-06-05T16:48:23.113Z" },
    { url = "https://files.pythonhosted.org/packages/67/10/b2a4b63d3f08362662e89c103f7fe28894a51ae0bc890fabf37d1d780e52/greenlet-3.2.3-cp314-cp314-manylinux2014_x86_64.manylinux_2_17_x86_64.whl", hash = "sha256:02b0df6f63cd15012bed5401b47829cfd2e97052dc89da3cfaf2c779124eb892", size = 692995, upload-time = "2025-06-05T16:13:07.972Z" },
    { url = "https://files.pythonhosted.org/packages/5a/c6/ad82f148a4e3ce9564056453a71529732baf5448ad53fc323e37efe34f66/greenlet-3.2.3-cp314-cp314-manylinux_2_24_x86_64.manylinux_2_28_x86_64.whl", hash = "sha256:86c2d68e87107c1792e2e8d5399acec2487a4e993ab76c792408e59394d52141", size = 655320, upload-time = "2025-06-05T16:12:53.453Z" },
    { url = "https://files.pythonhosted.org/packages/5c/4f/aab73ecaa6b3086a4c89863d94cf26fa84cbff63f52ce9bc4342b3087a06/greenlet-3.2.3-cp314-cp314-win_amd64.whl", hash = "sha256:8c47aae8fbbfcf82cc13327ae802ba13c9c36753b67e760023fd116bc124a62a", size = 301236, upload-time = "2025-06-05T16:15:20.111Z" },
]

[[package]]
name = "iniconfig"
version = "2.1.0"
source = { registry = "https://pypi.org/simple" }
sdist = { url = "https://files.pythonhosted.org/packages/f2/97/ebf4da567aa6827c909642694d71c9fcf53e5b504f2d96afea02718862f3/iniconfig-2.1.0.tar.gz", hash = "sha256:3abbd2e30b36733fee78f9c7f7308f2d0050e88f0087fd25c2645f63c773e1c7", size = 4793, upload-time = "2025-03-19T20:09:59.721Z" }
wheels = [
    { url = "https://files.pythonhosted.org/packages/2c/e1/e6716421ea10d38022b952c159d5161ca1193197fb744506875fbb87ea7b/iniconfig-2.1.0-py3-none-any.whl", hash = "sha256:9deba5723312380e77435581c6bf4935c94cbfab9b1ed33ef8d238ea168eb760", size = 6050, upload-time = "2025-03-19T20:10:01.071Z" },
]

[[package]]
name = "isort"
version = "6.0.1"
source = { registry = "https://pypi.org/simple" }
sdist = { url = "https://files.pythonhosted.org/packages/b8/21/1e2a441f74a653a144224d7d21afe8f4169e6c7c20bb13aec3a2dc3815e0/isort-6.0.1.tar.gz", hash = "sha256:1cb5df28dfbc742e490c5e41bad6da41b805b0a8be7bc93cd0fb2a8a890ac450", size = 821955, upload-time = "2025-02-26T21:13:16.955Z" }
wheels = [
    { url = "https://files.pythonhosted.org/packages/c1/11/114d0a5f4dabbdcedc1125dee0888514c3c3b16d3e9facad87ed96fad97c/isort-6.0.1-py3-none-any.whl", hash = "sha256:2dc5d7f65c9678d94c88dfc29161a320eec67328bc97aad576874cb4be1e9615", size = 94186, upload-time = "2025-02-26T21:13:14.911Z" },
]

[[package]]
name = "mypy-extensions"
version = "1.1.0"
source = { registry = "https://pypi.org/simple" }
sdist = { url = "https://files.pythonhosted.org/packages/a2/6e/371856a3fb9d31ca8dac321cda606860fa4548858c0cc45d9d1d4ca2628b/mypy_extensions-1.1.0.tar.gz", hash = "sha256:52e68efc3284861e772bbcd66823fde5ae21fd2fdb51c62a211403730b916558", size = 6343, upload-time = "2025-04-22T14:54:24.164Z" }
wheels = [
    { url = "https://files.pythonhosted.org/packages/79/7b/2c79738432f5c924bef5071f933bcc9efd0473bac3b4aa584a6f7c1c8df8/mypy_extensions-1.1.0-py3-none-any.whl", hash = "sha256:1be4cccdb0f2482337c4743e60421de3a356cd97508abadd57d47403e94f5505", size = 4963, upload-time = "2025-04-22T14:54:22.983Z" },
]

[[package]]
name = "packaging"
version = "25.0"
source = { registry = "https://pypi.org/simple" }
sdist = { url = "https://files.pythonhosted.org/packages/a1/d4/1fc4078c65507b51b96ca8f8c3ba19e6a61c8253c72794544580a7b6c24d/packaging-25.0.tar.gz", hash = "sha256:d443872c98d677bf60f6a1f2f8c1cb748e8fe762d2bf9d3148b5599295b0fc4f", size = 165727, upload-time = "2025-04-19T11:48:59.673Z" }
wheels = [
    { url = "https://files.pythonhosted.org/packages/20/12/38679034af332785aac8774540895e234f4d07f7545804097de4b666afd8/packaging-25.0-py3-none-any.whl", hash = "sha256:29572ef2b1f17581046b3a2227d5c611fb25ec70ca1ba8554b24b0e69331a484", size = 66469, upload-time = "2025-04-19T11:48:57.875Z" },
]

[[package]]
name = "pathlib"
version = "1.0.1"
source = { registry = "https://pypi.org/simple" }
sdist = { url = "https://files.pythonhosted.org/packages/ac/aa/9b065a76b9af472437a0059f77e8f962fe350438b927cb80184c32f075eb/pathlib-1.0.1.tar.gz", hash = "sha256:6940718dfc3eff4258203ad5021090933e5c04707d5ca8cc9e73c94a7894ea9f", size = 49298, upload-time = "2014-09-03T15:41:57.18Z" }
wheels = [
    { url = "https://files.pythonhosted.org/packages/78/f9/690a8600b93c332de3ab4a344a4ac34f00c8f104917061f779db6a918ed6/pathlib-1.0.1-py3-none-any.whl", hash = "sha256:f35f95ab8b0f59e6d354090350b44a80a80635d22efdedfa84c7ad1cf0a74147", size = 14363, upload-time = "2022-05-04T13:37:20.585Z" },
]

[[package]]
name = "pathspec"
version = "0.12.1"
source = { registry = "https://pypi.org/simple" }
sdist = { url = "https://files.pythonhosted.org/packages/ca/bc/f35b8446f4531a7cb215605d100cd88b7ac6f44ab3fc94870c120ab3adbf/pathspec-0.12.1.tar.gz", hash = "sha256:a482d51503a1ab33b1c67a6c3813a26953dbdc71c31dacaef9a838c4e29f5712", size = 51043, upload-time = "2023-12-10T22:30:45Z" }
wheels = [
    { url = "https://files.pythonhosted.org/packages/cc/20/ff623b09d963f88bfde16306a54e12ee5ea43e9b597108672ff3a408aad6/pathspec-0.12.1-py3-none-any.whl", hash = "sha256:a0d503e138a4c123b27490a4f7beda6a01c6f288df0e4a8b79c7eb0dc7b4cc08", size = 31191, upload-time = "2023-12-10T22:30:43.14Z" },
]

[[package]]
name = "platformdirs"
version = "4.3.8"
source = { registry = "https://pypi.org/simple" }
sdist = { url = "https://files.pythonhosted.org/packages/fe/8b/3c73abc9c759ecd3f1f7ceff6685840859e8070c4d947c93fae71f6a0bf2/platformdirs-4.3.8.tar.gz", hash = "sha256:3d512d96e16bcb959a814c9f348431070822a6496326a4be0911c40b5a74c2bc", size = 21362, upload-time = "2025-05-07T22:47:42.121Z" }
wheels = [
    { url = "https://files.pythonhosted.org/packages/fe/39/979e8e21520d4e47a0bbe349e2713c0aac6f3d853d0e5b34d76206c439aa/platformdirs-4.3.8-py3-none-any.whl", hash = "sha256:ff7059bb7eb1179e2685604f4aaf157cfd9535242bd23742eadc3c13542139b4", size = 18567, upload-time = "2025-05-07T22:47:40.376Z" },
]

[[package]]
name = "playwright"
version = "1.52.0"
source = { registry = "https://pypi.org/simple" }
dependencies = [
    { name = "greenlet" },
    { name = "pyee" },
]
wheels = [
    { url = "https://files.pythonhosted.org/packages/1e/62/a20240605485ca99365a8b72ed95e0b4c5739a13fb986353f72d8d3f1d27/playwright-1.52.0-py3-none-macosx_10_13_x86_64.whl", hash = "sha256:19b2cb9d4794062008a635a99bd135b03ebb782d460f96534a91cb583f549512", size = 39611246, upload-time = "2025-04-30T09:28:32.386Z" },
    { url = "https://files.pythonhosted.org/packages/dc/23/57ff081663b3061a2a3f0e111713046f705da2595f2f384488a76e4db732/playwright-1.52.0-py3-none-macosx_11_0_arm64.whl", hash = "sha256:0797c0479cbdc99607412a3c486a3a2ec9ddc77ac461259fd2878c975bcbb94a", size = 37962977, upload-time = "2025-04-30T09:28:37.719Z" },
    { url = "https://files.pythonhosted.org/packages/a2/ff/eee8532cff4b3d768768152e8c4f30d3caa80f2969bf3143f4371d377b74/playwright-1.52.0-py3-none-macosx_11_0_universal2.whl", hash = "sha256:7223960b7dd7ddeec1ba378c302d1d09733b8dac438f492e9854c85d3ca7144f", size = 39611247, upload-time = "2025-04-30T09:28:41.082Z" },
    { url = "https://files.pythonhosted.org/packages/73/c6/8e27af9798f81465b299741ef57064c6ec1a31128ed297406469907dc5a4/playwright-1.52.0-py3-none-manylinux1_x86_64.whl", hash = "sha256:d010124d24a321e0489a8c0d38a3971a7ca7656becea7656c9376bfea7f916d4", size = 45141333, upload-time = "2025-04-30T09:28:45.103Z" },
    { url = "https://files.pythonhosted.org/packages/4e/e9/0661d343ed55860bcfb8934ce10e9597fc953358773ece507b22b0f35c57/playwright-1.52.0-py3-none-manylinux_2_17_aarch64.manylinux2014_aarch64.whl", hash = "sha256:4173e453c43180acc60fd77ffe1ebee8d0efbfd9986c03267007b9c3845415af", size = 44540623, upload-time = "2025-04-30T09:28:48.749Z" },
    { url = "https://files.pythonhosted.org/packages/7a/81/a850dbc6bc2e1bd6cc87341e59c253269602352de83d34b00ea38cf410ee/playwright-1.52.0-py3-none-win32.whl", hash = "sha256:cd0bdf92df99db6237a99f828e80a6a50db6180ef8d5352fc9495df2c92f9971", size = 34839156, upload-time = "2025-04-30T09:28:52.768Z" },
    { url = "https://files.pythonhosted.org/packages/51/f3/cca2aa84eb28ea7d5b85d16caa92d62d18b6e83636e3d67957daca1ee4c7/playwright-1.52.0-py3-none-win_amd64.whl", hash = "sha256:dcbf75101eba3066b7521c6519de58721ea44379eb17a0dafa94f9f1b17f59e4", size = 34839164, upload-time = "2025-04-30T09:28:56.36Z" },
    { url = "https://files.pythonhosted.org/packages/b5/4f/71a8a873e8c3c3e2d3ec03a578e546f6875be8a76214d90219f752f827cd/playwright-1.52.0-py3-none-win_arm64.whl", hash = "sha256:9d0085b8de513de5fb50669f8e6677f0252ef95a9a1d2d23ccee9638e71e65cb", size = 30688972, upload-time = "2025-04-30T09:28:59.47Z" },
]

[[package]]
name = "pluggy"
version = "1.6.0"
source = { registry = "https://pypi.org/simple" }
sdist = { url = "https://files.pythonhosted.org/packages/f9/e2/3e91f31a7d2b083fe6ef3fa267035b518369d9511ffab804f839851d2779/pluggy-1.6.0.tar.gz", hash = "sha256:7dcc130b76258d33b90f61b658791dede3486c3e6bfb003ee5c9bfb396dd22f3", size = 69412, upload-time = "2025-05-15T12:30:07.975Z" }
wheels = [
    { url = "https://files.pythonhosted.org/packages/54/20/4d324d65cc6d9205fabedc306948156824eb9f0ee1633355a8f7ec5c66bf/pluggy-1.6.0-py3-none-any.whl", hash = "sha256:e920276dd6813095e9377c0bc5566d94c932c33b27a3e3945d8389c374dd4746", size = 20538, upload-time = "2025-05-15T12:30:06.134Z" },
]

[[package]]
name = "primp"
version = "0.15.0"
source = { registry = "https://pypi.org/simple" }
sdist = { url = "https://files.pythonhosted.org/packages/56/0b/a87556189da4de1fc6360ca1aa05e8335509633f836cdd06dd17f0743300/primp-0.15.0.tar.gz", hash = "sha256:1af8ea4b15f57571ff7fc5e282a82c5eb69bc695e19b8ddeeda324397965b30a", size = 113022, upload-time = "2025-04-17T11:41:05.315Z" }
wheels = [
    { url = "https://files.pythonhosted.org/packages/f5/5a/146ac964b99ea7657ad67eb66f770be6577dfe9200cb28f9a95baffd6c3f/primp-0.15.0-cp38-abi3-macosx_10_12_x86_64.whl", hash = "sha256:1b281f4ca41a0c6612d4c6e68b96e28acfe786d226a427cd944baa8d7acd644f", size = 3178914, upload-time = "2025-04-17T11:40:59.558Z" },
    { url = "https://files.pythonhosted.org/packages/bc/8a/cc2321e32db3ce64d6e32950d5bcbea01861db97bfb20b5394affc45b387/primp-0.15.0-cp38-abi3-macosx_11_0_arm64.whl", hash = "sha256:489cbab55cd793ceb8f90bb7423c6ea64ebb53208ffcf7a044138e3c66d77299", size = 2955079, upload-time = "2025-04-17T11:40:57.398Z" },
    { url = "https://files.pythonhosted.org/packages/c3/7b/cbd5d999a07ff2a21465975d4eb477ae6f69765e8fe8c9087dab250180d8/primp-0.15.0-cp38-abi3-manylinux_2_17_x86_64.manylinux2014_x86_64.whl", hash = "sha256:c18b45c23f94016215f62d2334552224236217aaeb716871ce0e4dcfa08eb161", size = 3281018, upload-time = "2025-04-17T11:40:55.308Z" },
    { url = "https://files.pythonhosted.org/packages/1b/6e/a6221c612e61303aec2bcac3f0a02e8b67aee8c0db7bdc174aeb8010f975/primp-0.15.0-cp38-abi3-manylinux_2_34_aarch64.whl", hash = "sha256:e985a9cba2e3f96a323722e5440aa9eccaac3178e74b884778e926b5249df080", size = 3255229, upload-time = "2025-04-17T11:40:47.811Z" },
    { url = "https://files.pythonhosted.org/packages/3b/54/bfeef5aca613dc660a69d0760a26c6b8747d8fdb5a7f20cb2cee53c9862f/primp-0.15.0-cp38-abi3-manylinux_2_34_armv7l.whl", hash = "sha256:6b84a6ffa083e34668ff0037221d399c24d939b5629cd38223af860de9e17a83", size = 3014522, upload-time = "2025-04-17T11:40:50.191Z" },
    { url = "https://files.pythonhosted.org/packages/ac/96/84078e09f16a1dad208f2fe0f8a81be2cf36e024675b0f9eec0c2f6e2182/primp-0.15.0-cp38-abi3-musllinux_1_2_aarch64.whl", hash = "sha256:592f6079646bdf5abbbfc3b0a28dac8de943f8907a250ce09398cda5eaebd260", size = 3418567, upload-time = "2025-04-17T11:41:01.595Z" },
    { url = "https://files.pythonhosted.org/packages/6c/80/8a7a9587d3eb85be3d0b64319f2f690c90eb7953e3f73a9ddd9e46c8dc42/primp-0.15.0-cp38-abi3-musllinux_1_2_x86_64.whl", hash = "sha256:5a728e5a05f37db6189eb413d22c78bd143fa59dd6a8a26dacd43332b3971fe8", size = 3606279, upload-time = "2025-04-17T11:41:03.61Z" },
    { url = "https://files.pythonhosted.org/packages/0c/dd/f0183ed0145e58cf9d286c1b2c14f63ccee987a4ff79ac85acc31b5d86bd/primp-0.15.0-cp38-abi3-win_amd64.whl", hash = "sha256:aeb6bd20b06dfc92cfe4436939c18de88a58c640752cf7f30d9e4ae893cdec32", size = 3149967, upload-time = "2025-04-17T11:41:07.067Z" },
]

[[package]]
name = "protobuf"
version = "6.31.1"
source = { registry = "https://pypi.org/simple" }
sdist = { url = "https://files.pythonhosted.org/packages/52/f3/b9655a711b32c19720253f6f06326faf90580834e2e83f840472d752bc8b/protobuf-6.31.1.tar.gz", hash = "sha256:d8cac4c982f0b957a4dc73a80e2ea24fab08e679c0de9deb835f4a12d69aca9a", size = 441797, upload-time = "2025-05-28T19:25:54.947Z" }
wheels = [
    { url = "https://files.pythonhosted.org/packages/f3/6f/6ab8e4bf962fd5570d3deaa2d5c38f0a363f57b4501047b5ebeb83ab1125/protobuf-6.31.1-cp310-abi3-win32.whl", hash = "sha256:7fa17d5a29c2e04b7d90e5e32388b8bfd0e7107cd8e616feef7ed3fa6bdab5c9", size = 423603, upload-time = "2025-05-28T19:25:41.198Z" },
    { url = "https://files.pythonhosted.org/packages/44/3a/b15c4347dd4bf3a1b0ee882f384623e2063bb5cf9fa9d57990a4f7df2fb6/protobuf-6.31.1-cp310-abi3-win_amd64.whl", hash = "sha256:426f59d2964864a1a366254fa703b8632dcec0790d8862d30034d8245e1cd447", size = 435283, upload-time = "2025-05-28T19:25:44.275Z" },
    { url = "https://files.pythonhosted.org/packages/6a/c9/b9689a2a250264a84e66c46d8862ba788ee7a641cdca39bccf64f59284b7/protobuf-6.31.1-cp39-abi3-macosx_10_9_universal2.whl", hash = "sha256:6f1227473dc43d44ed644425268eb7c2e488ae245d51c6866d19fe158e207402", size = 425604, upload-time = "2025-05-28T19:25:45.702Z" },
    { url = "https://files.pythonhosted.org/packages/76/a1/7a5a94032c83375e4fe7e7f56e3976ea6ac90c5e85fac8576409e25c39c3/protobuf-6.31.1-cp39-abi3-manylinux2014_aarch64.whl", hash = "sha256:a40fc12b84c154884d7d4c4ebd675d5b3b5283e155f324049ae396b95ddebc39", size = 322115, upload-time = "2025-05-28T19:25:47.128Z" },
    { url = "https://files.pythonhosted.org/packages/fa/b1/b59d405d64d31999244643d88c45c8241c58f17cc887e73bcb90602327f8/protobuf-6.31.1-cp39-abi3-manylinux2014_x86_64.whl", hash = "sha256:4ee898bf66f7a8b0bd21bce523814e6fbd8c6add948045ce958b73af7e8878c6", size = 321070, upload-time = "2025-05-28T19:25:50.036Z" },
    { url = "https://files.pythonhosted.org/packages/f7/af/ab3c51ab7507a7325e98ffe691d9495ee3d3aa5f589afad65ec920d39821/protobuf-6.31.1-py3-none-any.whl", hash = "sha256:720a6c7e6b77288b85063569baae8536671b39f15cc22037ec7045658d80489e", size = 168724, upload-time = "2025-05-28T19:25:53.926Z" },
]

[[package]]
name = "pyee"
version = "13.0.0"
source = { registry = "https://pypi.org/simple" }
dependencies = [
    { name = "typing-extensions" },
]
sdist = { url = "https://files.pythonhosted.org/packages/95/03/1fd98d5841cd7964a27d729ccf2199602fe05eb7a405c1462eb7277945ed/pyee-13.0.0.tar.gz", hash = "sha256:b391e3c5a434d1f5118a25615001dbc8f669cf410ab67d04c4d4e07c55481c37", size = 31250, upload-time = "2025-03-17T18:53:15.955Z" }
wheels = [
    { url = "https://files.pythonhosted.org/packages/9b/4d/b9add7c84060d4c1906abe9a7e5359f2a60f7a9a4f67268b2766673427d8/pyee-13.0.0-py3-none-any.whl", hash = "sha256:48195a3cddb3b1515ce0695ed76036b5ccc2ef3a9f963ff9f77aec0139845498", size = 15730, upload-time = "2025-03-17T18:53:14.532Z" },
]

[[package]]
name = "pygments"
version = "2.19.1"
source = { registry = "https://pypi.org/simple" }
sdist = { url = "https://files.pythonhosted.org/packages/7c/2d/c3338d48ea6cc0feb8446d8e6937e1408088a72a39937982cc6111d17f84/pygments-2.19.1.tar.gz", hash = "sha256:61c16d2a8576dc0649d9f39e089b5f02bcd27fba10d8fb4dcc28173f7a45151f", size = 4968581, upload-time = "2025-01-06T17:26:30.443Z" }
wheels = [
    { url = "https://files.pythonhosted.org/packages/8a/0b/9fcc47d19c48b59121088dd6da2488a49d5f72dacf8262e2790a1d2c7d15/pygments-2.19.1-py3-none-any.whl", hash = "sha256:9ea1544ad55cecf4b8242fab6dd35a93bbce657034b0611ee383099054ab6d8c", size = 1225293, upload-time = "2025-01-06T17:26:25.553Z" },
]

[[package]]
name = "pytest"
version = "8.4.0"
source = { registry = "https://pypi.org/simple" }
dependencies = [
    { name = "colorama", marker = "sys_platform == 'win32'" },
    { name = "iniconfig" },
    { name = "packaging" },
    { name = "pluggy" },
    { name = "pygments" },
]
sdist = { url = "https://files.pythonhosted.org/packages/fb/aa/405082ce2749be5398045152251ac69c0f3578c7077efc53431303af97ce/pytest-8.4.0.tar.gz", hash = "sha256:14d920b48472ea0dbf68e45b96cd1ffda4705f33307dcc86c676c1b5104838a6", size = 1515232, upload-time = "2025-06-02T17:36:30.03Z" }
wheels = [
    { url = "https://files.pythonhosted.org/packages/2f/de/afa024cbe022b1b318a3d224125aa24939e99b4ff6f22e0ba639a2eaee47/pytest-8.4.0-py3-none-any.whl", hash = "sha256:f40f825768ad76c0977cbacdf1fd37c6f7a468e460ea6a0636078f8972d4517e", size = 363797, upload-time = "2025-06-02T17:36:27.859Z" },
]

[[package]]
name = "selectolax"
version = "0.3.29"
source = { registry = "https://pypi.org/simple" }
sdist = { url = "https://files.pythonhosted.org/packages/df/b9/b5a23e29d5e54c590eaad18bdbb1ced13b869b111e03d12ee0ae9eecf9b8/selectolax-0.3.29.tar.gz", hash = "sha256:28696fa4581765c705e15d05dfba464334f5f9bcb3eac9f25045f815aec6fbc1", size = 4691626, upload-time = "2025-04-30T15:17:37.98Z" }
wheels = [
    { url = "https://files.pythonhosted.org/packages/2a/5d/ca72f7adddae4b2b128394a7559739a6a12c156d29b55968cfcfe07fac4d/selectolax-0.3.29-cp311-cp311-macosx_10_9_universal2.whl", hash = "sha256:d6a1cd0518fa7656ea1683c4b2d3b5a98306753f364da9f673517847e1680a3e", size = 3649215, upload-time = "2025-04-30T15:15:59.57Z" },
    { url = "https://files.pythonhosted.org/packages/08/c6/ca984f90b12fb10790cc56c2670f1b5f09884ed2f2012a219094b38cbcb4/selectolax-0.3.29-cp311-cp311-macosx_10_9_x86_64.whl", hash = "sha256:3e5354d805dd76b4b38002f58e6ae2e7b429ac311bf3601992a6662d2bc86911", size = 2091848, upload-time = "2025-04-30T15:16:01.73Z" },
    { url = "https://files.pythonhosted.org/packages/98/7f/c999ae6d9bfbaac3e8dea3dbb5ca6bdf61c220828e80a6c339e89f9db777/selectolax-0.3.29-cp311-cp311-manylinux_2_17_aarch64.manylinux2014_aarch64.whl", hash = "sha256:7073e3bcdc60ebdb5f8777c79b465471ec000ab556134da4e00f037d3321a2ec", size = 5638593, upload-time = "2025-04-30T15:16:03.594Z" },
    { url = "https://files.pythonhosted.org/packages/d6/32/ffd89376a888c24ecaf01fcffc5fe97b82ae03ab163158f51a559f1ebad5/selectolax-0.3.29-cp311-cp311-manylinux_2_17_x86_64.manylinux2014_x86_64.whl", hash = "sha256:47587db7cef411d22f8224cf2926aacdb326c4c838d386035229f16ccc2d8d26", size = 5668207, upload-time = "2025-04-30T15:16:05.564Z" },
    { url = "https://files.pythonhosted.org/packages/3a/5c/2de0c7b8be75ad52d44706c67946181b972f27641ab4f6a1f27f46d2a603/selectolax-0.3.29-cp311-cp311-manylinux_2_5_i686.manylinux1_i686.manylinux_2_17_i686.manylinux2014_i686.whl", hash = "sha256:21de62b5093b1cb6c5d4cab0bef5f708b9ee1483b640d42be9d955becfcd287a", size = 5276654, upload-time = "2025-04-30T15:16:07.143Z" },
    { url = "https://files.pythonhosted.org/packages/29/29/152bb745b24072d3eecd3b395c756e74763111b9bbd265604f5b96b9a1aa/selectolax-0.3.29-cp311-cp311-musllinux_1_2_aarch64.whl", hash = "sha256:af5cd03298cd75cb0fbf712d6ae4f8aca9c13a226d2821ca82f51cc9b33b032f", size = 5543731, upload-time = "2025-04-30T15:16:09.733Z" },
    { url = "https://files.pythonhosted.org/packages/04/1d/df65baaf16ece393f9f1a7c55f015510634adbb163ce72adcafaddf5cf9c/selectolax-0.3.29-cp311-cp311-musllinux_1_2_i686.whl", hash = "sha256:3f58dca53d2d3dc18dfd2cb9210a5625f32598db24e3f857f5be58f21a8f3b88", size = 5275005, upload-time = "2025-04-30T15:16:11.958Z" },
    { url = "https://files.pythonhosted.org/packages/5d/74/e56fd6f9b3087947b812f3862df3265bf5e21396d9673d076e999b1086cf/selectolax-0.3.29-cp311-cp311-musllinux_1_2_x86_64.whl", hash = "sha256:d0a6d8e02c6b9ba951d7b5a5dd2788a1d4bbdedc89782a4de165f1a87c4168ac", size = 5617441, upload-time = "2025-04-30T15:16:14.15Z" },
    { url = "https://files.pythonhosted.org/packages/63/d6/243049029bfc937b9f02faf4a4494e693575046414a475bf28ed9632b768/selectolax-0.3.29-cp311-cp311-win32.whl", hash = "sha256:912a1fc03157ebd066d8f59ae9ca2412ef95c7101a51590327c23071b02c97c7", size = 1701370, upload-time = "2025-04-30T15:16:16.339Z" },
    { url = "https://files.pythonhosted.org/packages/c9/7f/baba8c5ce941c8cbd2dfb0c9f2253ba2d8c2d5d0fddda4f5a87eceb2484f/selectolax-0.3.29-cp311-cp311-win_amd64.whl", hash = "sha256:a3d44a295416b79815d2858ed4ccb71bf3b63087483a5d3705daa837c9dcf44d", size = 1808251, upload-time = "2025-04-30T15:16:18.289Z" },
    { url = "https://files.pythonhosted.org/packages/30/ac/ca4332eecc19124782f6f0d7cb28c331da2e9d9cf25287ba2b3b6a00cea1/selectolax-0.3.29-cp312-cp312-macosx_10_13_universal2.whl", hash = "sha256:6d3f373efd1db18ac9b2222de2668aaa366a1f0b560241eab128f3ca68e8add1", size = 3656166, upload-time = "2025-04-30T15:16:19.907Z" },
    { url = "https://files.pythonhosted.org/packages/b8/46/2dcae03a94f80f3e0d339c149de8110b5abe1230668b015fd338d9e71a27/selectolax-0.3.29-cp312-cp312-macosx_10_13_x86_64.whl", hash = "sha256:97b9971bb37b54ef4440134f22792d15c9ee12d890a526a7fe0b376502240143", size = 2095991, upload-time = "2025-04-30T15:16:21.654Z" },
    { url = "https://files.pythonhosted.org/packages/1e/bd/95f15396e5f30898227d84a7ec6a39d9a9b34005f0e9f8f38e7fee21ab66/selectolax-0.3.29-cp312-cp312-manylinux_2_17_aarch64.manylinux2014_aarch64.whl", hash = "sha256:bd99ff0f5a6c017c471635d4ee45b61d25f24689331e407147b2cf5e36892480", size = 5844493, upload-time = "2025-04-30T15:16:23.268Z" },
    { url = "https://files.pythonhosted.org/packages/36/25/64c60da9aec81f2992355b0a3ce00ea1ed99e6f5499868016d6972bd4948/selectolax-0.3.29-cp312-cp312-manylinux_2_17_x86_64.manylinux2014_x86_64.whl", hash = "sha256:8377c317bf1d5fd6ccc56dfb5a0928bbcbea3e800b7af54761cfbbb99dc94cb9", size = 5881062, upload-time = "2025-04-30T15:16:24.891Z" },
    { url = "https://files.pythonhosted.org/packages/b6/81/94105217f91f7c6a98ac3164210cba0c6aa8da91cb85405292a6d70e39c3/selectolax-0.3.29-cp312-cp312-manylinux_2_5_i686.manylinux1_i686.manylinux_2_17_i686.manylinux2014_i686.whl", hash = "sha256:5388c56456272b2c241fc1906db9cc993984cafdad936cb5e061e3af0c44144e", size = 5470368, upload-time = "2025-04-30T15:16:26.457Z" },
    { url = "https://files.pythonhosted.org/packages/51/6e/40bc259f13e5d3dd0bb8ddd1d55ef099244db2568ffb82fd9d489984d61a/selectolax-0.3.29-cp312-cp312-musllinux_1_2_aarch64.whl", hash = "sha256:e9e4690894f406863e25ba49da27e1a6fda9bfc21b0b315c399d3093be080e81", size = 5693476, upload-time = "2025-04-30T15:16:28.386Z" },
    { url = "https://files.pythonhosted.org/packages/58/bd/2668ee1d5471ad88daf83ca484515ba46774fc9c951d6c4c0beffea89952/selectolax-0.3.29-cp312-cp312-musllinux_1_2_i686.whl", hash = "sha256:deeab93386b6c9a75052515f5b9e7e3dd623c585871c0c2b3126970ff902603b", size = 5449747, upload-time = "2025-04-30T15:16:30.626Z" },
    { url = "https://files.pythonhosted.org/packages/a1/b5/1c61839ae5af70a8291c643982a99f051b543df90b220b98db1b26bd4899/selectolax-0.3.29-cp312-cp312-musllinux_1_2_x86_64.whl", hash = "sha256:6abdd8357f1c105c1add01a9f0373511fa832548b2e2778b00a8ba2a4508d6ed", size = 5786843, upload-time = "2025-04-30T15:16:32.231Z" },
    { url = "https://files.pythonhosted.org/packages/67/08/ca42c100ab90168c123e6b521e38cb7618b697a693fdb77e42dabb0670fd/selectolax-0.3.29-cp312-cp312-win32.whl", hash = "sha256:9c969626b2295702076f50aac91e44c3bba639fa2e1a612bf6ae254bf29b4d57", size = 1697859, upload-time = "2025-04-30T15:16:33.659Z" },
    { url = "https://files.pythonhosted.org/packages/5c/22/9524af51d950cc718bd4406f3bed05acbfcb321a4a308ec85b96ccdaa1ef/selectolax-0.3.29-cp312-cp312-win_amd64.whl", hash = "sha256:e7f4cc1b7ce9691559decfd5db7cc500e71a9f6ccfe76c054f284c184a1d1dc9", size = 1804145, upload-time = "2025-04-30T15:16:35.12Z" },
    { url = "https://files.pythonhosted.org/packages/c0/a7/083a00aa9cb6bef0317baba4269841c366652558d77189275bed2da6aa81/selectolax-0.3.29-cp313-cp313-macosx_10_13_universal2.whl", hash = "sha256:e3112f05a34bf36d36ecc51520b1d98c4667b54a3f123dffef5072273e89a360", size = 3651407, upload-time = "2025-04-30T15:16:37.282Z" },
    { url = "https://files.pythonhosted.org/packages/7e/cd/6c89ac27961ef5f5e9b40eda0d0653b9c95c93485fb8a554bf093eac1c77/selectolax-0.3.29-cp313-cp313-macosx_10_13_x86_64.whl", hash = "sha256:38462ae369897f71da287f1282079c11f1b878b99a4d1d509d1116ce05226d88", size = 2092649, upload-time = "2025-04-30T15:16:38.817Z" },
    { url = "https://files.pythonhosted.org/packages/3e/12/82710124b7b52613fdb9d5c14494a41785eb83e1c93ec7e1d1814c2ce292/selectolax-0.3.29-cp313-cp313-manylinux_2_17_aarch64.manylinux2014_aarch64.whl", hash = "sha256:bdd1e63735f2fb8485fb6b9f4fe30d6c030930f438f46a4a62bd9886ab3c7fd9", size = 5821738, upload-time = "2025-04-30T15:16:40.747Z" },
    { url = "https://files.pythonhosted.org/packages/8b/08/8ceb3eb7fee9743026a4481fccb771f257c82b2c853a1a30271902234eab/selectolax-0.3.29-cp313-cp313-manylinux_2_17_x86_64.manylinux2014_x86_64.whl", hash = "sha256:ea52e0c128e8e89f98ab0ccaabbc853677de5730729a3351da595976131b66e0", size = 5856069, upload-time = "2025-04-30T15:16:42.496Z" },
    { url = "https://files.pythonhosted.org/packages/47/6c/ec2b7aff0f6202e4157415d76bd588108cc518374bf53afa81c122691780/selectolax-0.3.29-cp313-cp313-manylinux_2_5_i686.manylinux1_i686.manylinux_2_17_i686.manylinux2014_i686.whl", hash = "sha256:0933659b4250b91317ccd78167e6804389cdaf7ed86c5d034b058a550d23110f", size = 5443255, upload-time = "2025-04-30T15:16:44.083Z" },
    { url = "https://files.pythonhosted.org/packages/cd/90/d5fea46ff191d02c2380a779b119ea6799751b79fcddb2bb230b21b38fc5/selectolax-0.3.29-cp313-cp313-musllinux_1_2_aarch64.whl", hash = "sha256:b0c9005e9089a6b0c6fb6a9f691ddbbb10a3a23ebeff54393980340f3dbcdb99", size = 5637529, upload-time = "2025-04-30T15:16:46.175Z" },
    { url = "https://files.pythonhosted.org/packages/9d/83/7f876a515f5af31f7b948cf10951be896fe6deeff2b9b713640c8ec82fd3/selectolax-0.3.29-cp313-cp313-musllinux_1_2_i686.whl", hash = "sha256:ac940963c52f13cdf5d7266a979744949b660d367ce669efa073b557f6e09a18", size = 5379121, upload-time = "2025-04-30T15:16:47.909Z" },
    { url = "https://files.pythonhosted.org/packages/57/cb/7dc739a484b1a17ccf92a23dfe558ae615c232bd81e78a72049c25d1ff66/selectolax-0.3.29-cp313-cp313-musllinux_1_2_x86_64.whl", hash = "sha256:484274f73839f9a143f4c13ce1b0a0123b5d64be22f967a1dc202a9a78687d67", size = 5727944, upload-time = "2025-04-30T15:16:49.52Z" },
    { url = "https://files.pythonhosted.org/packages/b7/09/95da4d2919d99a6090327390b84bc5440133196351e5e04c24cccda06cbb/selectolax-0.3.29-cp313-cp313-win32.whl", hash = "sha256:29e71fbd58b90d2920ef91a940680cb5331710fe397925ce9d10c3f2f086bf27", size = 1697529, upload-time = "2025-04-30T15:16:51.123Z" },
    { url = "https://files.pythonhosted.org/packages/0e/17/5a3951da22a4ad8f959088ddc370c68b28dad03190d91fcd137a52410fb9/selectolax-0.3.29-cp313-cp313-win_amd64.whl", hash = "sha256:e13befacff5f78102aa11465055ecb6d4b35f89663e36f271f2b506bcab14112", size = 1803334, upload-time = "2025-04-30T15:16:53.775Z" },
]

[[package]]
name = "typing-extensions"
version = "4.14.0"
source = { registry = "https://pypi.org/simple" }
sdist = { url = "https://files.pythonhosted.org/packages/d1/bc/51647cd02527e87d05cb083ccc402f93e441606ff1f01739a62c8ad09ba5/typing_extensions-4.14.0.tar.gz", hash = "sha256:8676b788e32f02ab42d9e7c61324048ae4c6d844a399eebace3d4979d75ceef4", size = 107423, upload-time = "2025-06-02T14:52:11.399Z" }
wheels = [
    { url = "https://files.pythonhosted.org/packages/69/e0/552843e0d356fbb5256d21449fa957fa4eff3bbc135a74a691ee70c7c5da/typing_extensions-4.14.0-py3-none-any.whl", hash = "sha256:a1514509136dd0b477638fc68d6a91497af5076466ad0fa6c338e44e359944af", size = 43839, upload-time = "2025-06-02T14:52:10.026Z" },
]
